
Microsoft Visual Studio Solution File, Format Version 12.00
# Visual Studio Version 17
VisualStudioVersion = 17.14.36327.8
MinimumVisualStudioVersion = 10.0.40219.1
Project("{FAE04EC0-301F-11D3-BF4B-00C04F79EFBC}") = "Presentacion", "Presentacion\Presentacion.csproj", "{3C8D4B39-0973-4A86-92E2-12CCA1A556AB}"
EndProject
Project("{FAE04EC0-301F-11D3-BF4B-00C04F79EFBC}") = "Datos", "Datos\Datos.csproj", "{73E0D2F4-986E-47BC-9BB2-FFAAE4ABB30B}"
EndProject
Project("{FAE04EC0-301F-11D3-BF4B-00C04F79EFBC}") = "Entidades", "Entidades\Entidades.csproj", "{67F09456-0F70-4953-BA20-002FC4E69A78}"
EndProject
Project("{FAE04EC0-301F-11D3-BF4B-00C04F79EFBC}") = "Logica", "Logica\Logica.csproj", "{3DEA6DBC-F157-48DC-8AC9-C34294F0D7F9}"
EndProject
Global
	GlobalSection(SolutionConfigurationPlatforms) = preSolution
		Debug|Any CPU = Debug|Any CPU
		Release|Any CPU = Release|Any CPU
	EndGlobalSection
	GlobalSection(ProjectConfigurationPlatforms) = postSolution
		{3C8D4B39-0973-4A86-92E2-12CCA1A556AB}.Debug|Any CPU.ActiveCfg = Debug|Any CPU
		{3C8D4B39-0973-4A86-92E2-12CCA1A556AB}.Debug|Any CPU.Build.0 = Debug|Any CPU
		{3C8D4B39-0973-4A86-92E2-12CCA1A556AB}.Release|Any CPU.ActiveCfg = Release|Any CPU
		{3C8D4B39-0973-4A86-92E2-12CCA1A556AB}.Release|Any CPU.Build.0 = Release|Any CPU
		{73E0D2F4-986E-47BC-9BB2-FFAAE4ABB30B}.Debug|Any CPU.ActiveCfg = Debug|Any CPU
		{73E0D2F4-986E-47BC-9BB2-FFAAE4ABB30B}.Debug|Any CPU.Build.0 = Debug|Any CPU
		{73E0D2F4-986E-47BC-9BB2-FFAAE4ABB30B}.Release|Any CPU.ActiveCfg = Release|Any CPU
		{73E0D2F4-986E-47BC-9BB2-FFAAE4ABB30B}.Release|Any CPU.Build.0 = Release|Any CPU
		{67F09456-0F70-4953-BA20-002FC4E69A78}.Debug|Any CPU.ActiveCfg = Debug|Any CPU
		{67F09456-0F70-4953-BA20-002FC4E69A78}.Debug|Any CPU.Build.0 = Debug|Any CPU
		{67F09456-0F70-4953-BA20-002FC4E69A78}.Release|Any CPU.ActiveCfg = Release|Any CPU
		{67F09456-0F70-4953-BA20-002FC4E69A78}.Release|Any CPU.Build.0 = Release|Any CPU
		{3DEA6DBC-F157-48DC-8AC9-C34294F0D7F9}.Debug|Any CPU.ActiveCfg = Debug|Any CPU
		{3DEA6DBC-F157-48DC-8AC9-C34294F0D7F9}.Debug|Any CPU.Build.0 = Debug|Any CPU
		{3DEA6DBC-F157-48DC-8AC9-C34294F0D7F9}.Release|Any CPU.ActiveCfg = Release|Any CPU
		{3DEA6DBC-F157-48DC-8AC9-C34294F0D7F9}.Release|Any CPU.Build.0 = Release|Any CPU
	EndGlobalSection
	GlobalSection(SolutionProperties) = preSolution
		HideSolutionNode = FALSE
	EndGlobalSection
	GlobalSection(ExtensibilityGlobals) = postSolution
		SolutionGuid = {95011900-E412-442F-BAA5-21232AFF3F73}
	EndGlobalSection
EndGlobal
